
Microsoft Visual Studio Solution File, Format Version 12.00
# Visual Studio Version 16
VisualStudioVersion = 16.0.30104.148
MinimumVisualStudioVersion = 10.0.40219.1
Project("{FAE04EC0-301F-11D3-BF4B-00C04F79EFBC}") = "WebApiDemo", "WebApiDemo\WebApiDemo.csproj", "{7672B8CF-DAEC-402D-94E8-72BC3478F897}"
EndProject
Global
	GlobalSection(SolutionConfigurationPlatforms) = preSolution
		Debug|Any CPU = Debug|Any CPU
		Release|Any CPU = Release|Any CPU
	EndGlobalSection
	GlobalSection(ProjectConfigurationPlatforms) = postSolution
		{7672B8CF-DAEC-402D-94E8-72BC3478F897}.Debug|Any CPU.ActiveCfg = Debug|Any CPU
		{7672B8CF-DAEC-402D-94E8-72BC3478F897}.Debug|Any CPU.Build.0 = Debug|Any CPU
		{7672B8CF-DAEC-402D-94E8-72BC3478F897}.Release|Any CPU.ActiveCfg = Release|Any CPU
		{7672B8CF-DAEC-402D-94E8-72BC3478F897}.Release|Any CPU.Build.0 = Release|Any CPU
	EndGlobalSection
	GlobalSection(SolutionProperties) = preSolution
		HideSolutionNode = FALSE
	EndGlobalSection
	GlobalSection(ExtensibilityGlobals) = postSolution
		SolutionGuid = {30B2D0C1-B513-4611-BD6D-5C3557D423B6}
	EndGlobalSection
EndGlobal
